{
	"schemaVersion": 2,
	"minimumSchemaVersion": 1,
	"schemaHash": "abb2a90f47485285",
	"options": {
		"securityProfile": "Development",
		"requirePolicies": false,
		"maxReliablePacketBytes": 1048576,
		"maxUnreliablePacketBytes": 1000
	},
	"endpoints": {
		"AnotherScope.InScopeEvent": { "kind": "Event", "channel": "Reliable", "id": 46, "shape": "627a0137210aa8bd" },
		"AnotherScope.ScopeWithinAnotherScope.InAnotherScopeEvent": { "kind": "Event", "channel": "Reliable", "id": 47, "shape": "5873ae3de6e22a83" },
		"ArrayPrimitive": { "kind": "Event", "channel": "Unreliable", "id": 7, "shape": "a947dd7462e84c9a" },
		"AuthedClient": { "kind": "Event", "channel": "Reliable", "id": 40, "shape": "d9b6fa0949e4be7b" },
		"Booleans": { "kind": "Event", "channel": "Reliable", "id": 17, "shape": "be1e250895a34936" },
		"ClientEmptyEvent": { "kind": "Event", "channel": "Reliable", "id": 6, "shape": "8799942a402d964c" },
		"ClientEmptyPollEvent": { "kind": "Event", "channel": "Reliable", "id": 3, "shape": "8effd5e878b9784e" },
		"ClientEmptyUnreliableEvent": { "kind": "Event", "channel": "Unreliable", "id": 5, "shape": "ba0c2b8ddad0797b" },
		"ClientEmptyUnreliablePollEvent": { "kind": "Event", "channel": "Unreliable", "id": 2, "shape": "9452d1a592373ac3" },
		"ClientPollEvent": { "kind": "Event", "channel": "Reliable", "id": 2, "shape": "da9d10c17f08ffe3" },
		"ClientUnreliablePollEvent": { "kind": "Event", "channel": "Unreliable", "id": 1, "shape": "5f33fe1c3eff7a9a" },
		"ConstrainedClient": { "kind": "Event", "channel": "Reliable", "id": 41, "shape": "08f839630f0f1eb9" },
		"DynamicArray": { "kind": "Event", "channel": "Reliable", "id": 15, "shape": "aadac01ee6ae5e74" },
		"DynamicMap": { "kind": "Event", "channel": "Reliable", "id": 14, "shape": "03569fd6e42fd414" },
		"EmptyEvent": { "kind": "Event", "channel": "Reliable", "id": 7, "shape": "64030a2845442f3a" },
		"EmptyFunction": { "kind": "Function", "channel": "Reliable", "id": 8, "shape": "b122d1cffe2f7619" },
		"EmptyUnreliableEvent": { "kind": "Event", "channel": "Unreliable", "id": 6, "shape": "ee700f0943153963" },
		"ExampleScope.InScopeEvent": { "kind": "Event", "channel": "Reliable", "id": 48, "shape": "e72836c217b13c40" },
		"Flags16": { "kind": "Event", "channel": "Reliable", "id": 11, "shape": "7b53506ce29f3b92" },
		"Flags32": { "kind": "Event", "channel": "Reliable", "id": 12, "shape": "142ba95bdf7e96cd" },
		"Flags33": { "kind": "Event", "channel": "Reliable", "id": 13, "shape": "7581bd7f0b173255" },
		"Flags8": { "kind": "Event", "channel": "Reliable", "id": 10, "shape": "d3d08209bdf07f37" },
		"Generic": { "kind": "Event", "channel": "Reliable", "id": 18, "shape": "1f91182f03d0d1b1" },
		"GenericArray": { "kind": "Event", "channel": "Reliable", "id": 19, "shape": "d14a6f49d9d87a9b" },
		"GuardedFunction": { "kind": "Function", "channel": "Reliable", "id": 55, "shape": "5e611c52cf9c3f58" },
		"HoneypotClient": { "kind": "Event", "channel": "Reliable", "id": 44, "shape": "0a044ccace725688" },
		"IdempotentClient": { "kind": "Event", "channel": "Reliable", "id": 45, "shape": "69e0cfe483e8e266" },
		"Indexers.TestEvent": { "kind": "Event", "channel": "Unreliable", "id": 0, "shape": "39d8c35cae365432" },
		"InstanceAny": { "kind": "Event", "channel": "Reliable", "id": 31, "shape": "f77c2375df5b4ea7" },
		"InstanceOfType": { "kind": "Event", "channel": "Reliable", "id": 32, "shape": "5abf150b54ff6cd1" },
		"InstanceOptional": { "kind": "Event", "channel": "Reliable", "id": 33, "shape": "b1049d2007631046" },
		"Issue33.Event": { "kind": "Event", "channel": "Reliable", "id": 49, "shape": "87a8e2599104665b" },
		"LargeClient": { "kind": "Event", "channel": "Reliable", "id": 52, "shape": "bfae45821fd98214" },
		"ManyReliableAsync": { "kind": "Event", "channel": "Reliable", "id": 26, "shape": "31126546dbda6ae4" },
		"ManyReliableSync": { "kind": "Event", "channel": "Reliable", "id": 25, "shape": "fbd61ae0c108dd96" },
		"ManyUnreliableAsync": { "kind": "Event", "channel": "Unreliable", "id": 10, "shape": "cee5ff496c674517" },
		"ManyUnreliableSync": { "kind": "Event", "channel": "Unreliable", "id": 9, "shape": "3c22bdce6e2f271c" },
		"MapComplexEvent": { "kind": "Event", "channel": "Reliable", "id": 23, "shape": "e6c8d333606bc2c1" },
		"MapEvent": { "kind": "Event", "channel": "Reliable", "id": 21, "shape": "602b623f6cbbebad" },
		"MapReferenceEvent": { "kind": "Event", "channel": "Reliable", "id": 24, "shape": "54a3da08c1573ce2" },
		"MapStructEvent": { "kind": "Event", "channel": "Reliable", "id": 22, "shape": "6244d61afb1c95ec" },
		"OptionalPrimitive": { "kind": "Event", "channel": "Unreliable", "id": 8, "shape": "f741c1b2b45ed428" },
		"PlayerEvent": { "kind": "Event", "channel": "Reliable", "id": 16, "shape": "377432bb6572597d" },
		"PlayerState": { "kind": "Channel", "channel": "Reliable", "id": 0, "shape": "2cae0ebaf2331abc" },
		"Reference": { "kind": "Event", "channel": "Reliable", "id": 34, "shape": "a1db2782925148c8" },
		"ReferenceArray": { "kind": "Event", "channel": "Reliable", "id": 35, "shape": "2f945228c2e7cfce" },
		"ReferenceOptional": { "kind": "Event", "channel": "Reliable", "id": 36, "shape": "4424835015399576" },
		"ReliableClient": { "kind": "Event", "channel": "Reliable", "id": 30, "shape": "d56a30ff64e15b55" },
		"ReliableServer": { "kind": "Event", "channel": "Reliable", "id": 27, "shape": "768d385bc7e198a5" },
		"ReliableServerAsync": { "kind": "Event", "channel": "Reliable", "id": 29, "shape": "3ae4b425e781893b" },
		"RemoteFunction": { "kind": "Function", "channel": "Reliable", "id": 37, "shape": "504978eae8d4065c" },
		"SendOccupiedCell": { "kind": "Event", "channel": "Reliable", "id": 1, "shape": "a924e506e441dd80" },
		"SensitiveEvent": { "kind": "Event", "channel": "Reliable", "id": 28, "shape": "4ff127962d08d3e8" },
		"ServerEmptyPollEvent": { "kind": "Event", "channel": "Reliable", "id": 5, "shape": "da606c3a2d9bb054" },
		"ServerEmptyUnreliablePollEvent": { "kind": "Event", "channel": "Unreliable", "id": 4, "shape": "72bea96be802f1dd" },
		"ServerPair": { "kind": "Event", "channel": "Reliable", "id": 54, "shape": "d1e157de4177396c" },
		"ServerPollEvent": { "kind": "Event", "channel": "Reliable", "id": 4, "shape": "d6d367a7a3ed5eb5" },
		"ServerUnreliablePollEvent": { "kind": "Event", "channel": "Unreliable", "id": 3, "shape": "5af208568c211458" },
		"SlowFunction": { "kind": "Function", "channel": "Reliable", "id": 53, "shape": "e5009cd5dc7707c7" },
		"SmallCapClient": { "kind": "Event", "channel": "Reliable", "id": 51, "shape": "d6ebf93d1960ec37" },
		"StrideClient": { "kind": "Event", "channel": "Reliable", "id": 50, "shape": "bd6774297e17f763" },
		"Tuple": { "kind": "Event", "channel": "Reliable", "id": 38, "shape": "61d091e22adcffb0" },
		"TupleFunction": { "kind": "Function", "channel": "Reliable", "id": 39, "shape": "c97f412e087dd218" },
		"TupleUnreliable": { "kind": "Event", "channel": "Unreliable", "id": 14, "shape": "38e55b1b738acd71" },
		"UnconstrainedClient": { "kind": "Event", "channel": "Reliable", "id": 42, "shape": "fda3b39785cc13c5" },
		"UnitFunction": { "kind": "Function", "channel": "Reliable", "id": 9, "shape": "427181cbaa3b8a75" },
		"Unknown": { "kind": "Event", "channel": "Reliable", "id": 20, "shape": "0fd95a180c3d7966" },
		"UnknownAuthClient": { "kind": "Event", "channel": "Reliable", "id": 43, "shape": "748202250d31dd47" },
		"UnreliableClient": { "kind": "Event", "channel": "Unreliable", "id": 13, "shape": "14527e940816cdba" },
		"UnreliableServer": { "kind": "Event", "channel": "Unreliable", "id": 11, "shape": "4802a47636c8097c" },
		"UnreliableServerAsync": { "kind": "Event", "channel": "Unreliable", "id": 12, "shape": "d6654d3ba637c271" }
	},
	"types": {
		"A": "f3088e6b8cec989d",
		"ArrayEnum": "f7a062aebf578978",
		"ArrayMap": "f7f98c6a65d78520",
		"ArrayStruct": "c57833ccb6d6825a",
		"B": "ede835bb3f842231",
		"BoundedBuffer": "89cb8a7d680a9633",
		"BrickkColor": "ab663e493126599f",
		"Buffer": "98540e77de93bd15",
		"Byte": "201b02c2f06ca898",
		"C": "e60ecaa8cc56e1ae",
		"Color": "79a0e6c979666eb3",
		"ColorArray": "92996e003ba4ecaa",
		"Conflict": "34ffd7ab5cd2ecb9",
		"ConstrainedArray": "69c42dc1a269deff",
		"D": "79a0e6c979666eb3",
		"DateMilliseconds": "d920f8b4dcc4cf8e",
		"DateSeconds": "527a183af1f86790",
		"DecimalRange": "3394dac4dc98b786",
		"Enum": "eeaa8e44e52a355a",
		"Event": "deedb4fa65995cb4",
		"ExactBuffer": "9821d7b6b9540388",
		"ExactRange": "f823147125b0925b",
		"Example": "1d691ff24947dbe4",
		"ExampleType": "201b02c2f06ca898",
		"Flags16": "361101f512eeb6b3",
		"Flags32": "4b57b053b18a14dd",
		"Flags33": "8e81b2ff1bae4f4d",
		"Flags8": "41dbcefa53c280c0",
		"Float16": "bdc0c5c60f3bc6b0",
		"Foo": "007f54c9a5d89133",
		"Generic": "ce5d41493a852ef3",
		"GenericMap": "8d27b6569b4d2c64",
		"GenericMerge": "88fb6b609f95bc2a",
		"GoldenFlags8": "41dbcefa53c280c0",
		"GoldenMap": "e29d04890f5e5a33",
		"GoldenNested": "4bf061cf957d0131",
		"GoldenOptional": "e8d09b52da1f0894",
		"GoldenSet": "08bb52516c487bcb",
		"HalfPrecisionCFrame": "b2f8ce11dbee1f8f",
		"ImportReference": "64339c1d4ee4080f",
		"InstanceArray": "22b752eeff761648",
		"InstanceArrayOptional": "e09a9b27915880fd",
		"IntegerVector": "442d60d61ec43ce8",
		"Map": "a33d961387b084a1",
		"MapComplex": "edf91bfb8d7580f1",
		"MapNested": "eefdafe3b679b989",
		"MapReference": "4f4f84eea510efe0",
		"MapSimple": "9e1385b55f42c383",
		"MapStruct": "bc630b8813baab72",
		"MergeStruct": "979c2e0e60f109d4",
		"MultiDimensionalArray": "132a418f0079c44d",
		"NegativeRange": "77ca05b6da1719f8",
		"Number": "201b02c2f06ca898",
		"PlayerStateData": "bc7e4a7a86fad020",
		"PrimitiveEnum": "8d378881b3ea2a6b",
		"PrimitiveField": "84f2ec69d8a6e903",
		"PrimitiveFlag": "c9ccd94a98267980",
		"PrimitiveTagEnum": "f1afc0f412fed11a",
		"Standalone": "e38a8c44c46e2586",
		"States": "bff473c30fc227fd",
		"Stride": "29d93b337e898401",
		"Struct": "d788d732bc09adf4",
		"StructOfFlags": "74f583c647f47c0c",
		"TestEnums": "0fd12523533881a5",
		"TestFlags": "8603d37e23156cd4",
		"TestStruct": "4232cddea9c3046c",
		"TestTaggedEnums": "62fad482920da974",
		"UnboundLower": "379cc802ccb963c0",
		"UnboundUpper": "1c09a8db4bf97f6d",
		"a": "201b02c2f06ca898",
		"struct": "201b02c2f06ca898"
	}
}
