{
	"protocol": 2,
	"schemaVersion": 2,
	"minimumSchemaVersion": 1,
	"schemaHash": "schema-2",
	"compatibility": "strict-v2-schema-hash",
	"options": {
		"securityProfile": "Development",
		"requirePolicies": false,
		"maxReliablePacketBytes": 1048576,
		"maxUnreliablePacketBytes": 1000
	},
	"wireIds": {
		"TestEvent": { "id": 1, "kind": "Event", "deprecated": false, "reserved": false },
		"PlayerState": { "id": 2, "kind": "Channel", "deprecated": false, "reserved": false },
		"SendOccupiedCell": { "id": 3, "kind": "Event", "deprecated": false, "reserved": false },
		"ClientPollEvent": { "id": 4, "kind": "Event", "deprecated": false, "reserved": false },
		"ClientUnreliablePollEvent": { "id": 5, "kind": "Event", "deprecated": false, "reserved": false },
		"ClientEmptyPollEvent": { "id": 6, "kind": "Event", "deprecated": false, "reserved": false },
		"ClientEmptyUnreliablePollEvent": { "id": 7, "kind": "Event", "deprecated": false, "reserved": false },
		"ServerPollEvent": { "id": 8, "kind": "Event", "deprecated": false, "reserved": false },
		"ServerUnreliablePollEvent": { "id": 9, "kind": "Event", "deprecated": false, "reserved": false },
		"ServerEmptyPollEvent": { "id": 10, "kind": "Event", "deprecated": false, "reserved": false },
		"ServerEmptyUnreliablePollEvent": { "id": 11, "kind": "Event", "deprecated": false, "reserved": false },
		"ClientEmptyEvent": { "id": 12, "kind": "Event", "deprecated": false, "reserved": false },
		"ClientEmptyUnreliableEvent": { "id": 13, "kind": "Event", "deprecated": false, "reserved": false },
		"EmptyEvent": { "id": 14, "kind": "Event", "deprecated": false, "reserved": false },
		"EmptyUnreliableEvent": { "id": 15, "kind": "Event", "deprecated": false, "reserved": false },
		"EmptyFunction": { "id": 16, "kind": "Function", "deprecated": false, "reserved": false },
		"UnitFunction": { "id": 17, "kind": "Function", "deprecated": false, "reserved": false },
		"Flags8": { "id": 18, "kind": "Event", "deprecated": false, "reserved": false },
		"Flags16": { "id": 19, "kind": "Event", "deprecated": false, "reserved": false },
		"Flags32": { "id": 20, "kind": "Event", "deprecated": false, "reserved": false },
		"Flags33": { "id": 21, "kind": "Event", "deprecated": false, "reserved": false },
		"DynamicMap": { "id": 22, "kind": "Event", "deprecated": false, "reserved": false },
		"DynamicArray": { "id": 23, "kind": "Event", "deprecated": false, "reserved": false },
		"PlayerEvent": { "id": 24, "kind": "Event", "deprecated": false, "reserved": false },
		"Booleans": { "id": 25, "kind": "Event", "deprecated": false, "reserved": false },
		"Generic": { "id": 26, "kind": "Event", "deprecated": false, "reserved": false },
		"GenericArray": { "id": 27, "kind": "Event", "deprecated": false, "reserved": false },
		"Unknown": { "id": 28, "kind": "Event", "deprecated": false, "reserved": false },
		"MapEvent": { "id": 29, "kind": "Event", "deprecated": false, "reserved": false },
		"MapStructEvent": { "id": 30, "kind": "Event", "deprecated": false, "reserved": false },
		"MapComplexEvent": { "id": 31, "kind": "Event", "deprecated": false, "reserved": false },
		"MapReferenceEvent": { "id": 32, "kind": "Event", "deprecated": false, "reserved": false },
		"ArrayPrimitive": { "id": 33, "kind": "Event", "deprecated": false, "reserved": false },
		"OptionalPrimitive": { "id": 34, "kind": "Event", "deprecated": false, "reserved": false },
		"ManyReliableSync": { "id": 35, "kind": "Event", "deprecated": false, "reserved": false },
		"ManyReliableAsync": { "id": 36, "kind": "Event", "deprecated": false, "reserved": false },
		"ManyUnreliableSync": { "id": 37, "kind": "Event", "deprecated": false, "reserved": false },
		"ManyUnreliableAsync": { "id": 38, "kind": "Event", "deprecated": false, "reserved": false },
		"ReliableServer": { "id": 39, "kind": "Event", "deprecated": false, "reserved": false },
		"SensitiveEvent": { "id": 40, "kind": "Event", "deprecated": false, "reserved": false },
		"ReliableServerAsync": { "id": 41, "kind": "Event", "deprecated": false, "reserved": false },
		"ReliableClient": { "id": 42, "kind": "Event", "deprecated": false, "reserved": false },
		"UnreliableServer": { "id": 43, "kind": "Event", "deprecated": false, "reserved": false },
		"UnreliableServerAsync": { "id": 44, "kind": "Event", "deprecated": false, "reserved": false },
		"UnreliableClient": { "id": 45, "kind": "Event", "deprecated": false, "reserved": false },
		"InstanceAny": { "id": 46, "kind": "Event", "deprecated": false, "reserved": false },
		"InstanceOfType": { "id": 47, "kind": "Event", "deprecated": false, "reserved": false },
		"InstanceOptional": { "id": 48, "kind": "Event", "deprecated": false, "reserved": false },
		"Reference": { "id": 49, "kind": "Event", "deprecated": false, "reserved": false },
		"ReferenceArray": { "id": 50, "kind": "Event", "deprecated": false, "reserved": false },
		"ReferenceOptional": { "id": 51, "kind": "Event", "deprecated": false, "reserved": false },
		"RemoteFunction": { "id": 52, "kind": "Function", "deprecated": false, "reserved": false },
		"Tuple": { "id": 53, "kind": "Event", "deprecated": false, "reserved": false },
		"TupleUnreliable": { "id": 54, "kind": "Event", "deprecated": false, "reserved": false },
		"TupleFunction": { "id": 55, "kind": "Function", "deprecated": false, "reserved": false },
		"InScopeEvent": { "id": 56, "kind": "Event", "deprecated": false, "reserved": false },
		"InAnotherScopeEvent": { "id": 57, "kind": "Event", "deprecated": false, "reserved": false },
		"InScopeEvent": { "id": 58, "kind": "Event", "deprecated": false, "reserved": false },
		"Event": { "id": 59, "kind": "Event", "deprecated": false, "reserved": false }
	},
	"typeHashes": {
		"TestStruct": "Struct:TestStruct",
		"TestFlags": "Set:TestFlags",
		"TestEnums": "Enum:TestEnums",
		"TestTaggedEnums": "TagEnum:TestTaggedEnums",
		"a": "Primitive:a",
		"a": "Primitive:a",
		"a": "Primitive:a",
		"a": "Primitive:a",
		"ImportReference": "Struct:ImportReference",
		"A": "Primitive:A",
		"B": "Array:B",
		"C": "Optional:C",
		"D": "Primitive:D",
		"Byte": "Primitive:Byte",
		"Color": "Primitive:Color",
		"ColorArray": "Array:ColorArray",
		"DateSeconds": "Primitive:DateSeconds",
		"DateMilliseconds": "Primitive:DateMilliseconds",
		"BrickkColor": "Primitive:BrickkColor",
		"ExactRange": "Primitive:ExactRange",
		"DecimalRange": "Primitive:DecimalRange",
		"NegativeRange": "Primitive:NegativeRange",
		"UnboundUpper": "Primitive:UnboundUpper",
		"UnboundLower": "Primitive:UnboundLower",
		"Buffer": "Primitive:Buffer",
		"ExactBuffer": "Primitive:ExactBuffer",
		"BoundedBuffer": "Primitive:BoundedBuffer",
		"IntegerVector": "Primitive:IntegerVector",
		"HalfPrecisionCFrame": "Primitive:HalfPrecisionCFrame",
		"InstanceArray": "Array:InstanceArray",
		"InstanceArrayOptional": "Optional:InstanceArrayOptional",
		"ConstrainedArray": "Array:ConstrainedArray",
		"MultiDimensionalArray": "Array:MultiDimensionalArray",
		"States": "Enum:States",
		"Flags8": "Set:Flags8",
		"GoldenFlags8": "Set:GoldenFlags8",
		"GoldenSet": "Set:GoldenSet",
		"Flags16": "Set:Flags16",
		"Flags32": "Set:Flags32",
		"Flags33": "Set:Flags33",
		"StructOfFlags": "Struct:StructOfFlags",
		"MapSimple": "Map:MapSimple",
		"GoldenMap": "Map:GoldenMap",
		"MapComplex": "Map:MapComplex",
		"MapReference": "Optional:MapReference",
		"MapNested": "Map:MapNested",
		"ArrayMap": "Array:ArrayMap",
		"ArrayEnum": "Array:ArrayEnum",
		"ArrayStruct": "Array:ArrayStruct",
		"Generic": "Struct:Generic",
		"struct": "Primitive:struct",
		"Conflict": "Struct:Conflict",
		"Event": "TagEnum:Event",
		"Float16": "Primitive:Float16",
		"Standalone": "Struct:Standalone",
		"Number": "Primitive:Number",
		"Example": "Struct:Example",
		"GoldenNested": "Struct:GoldenNested",
		"GoldenOptional": "Optional:GoldenOptional",
		"PlayerStateData": "Struct:PlayerStateData",
		"PrimitiveFlag": "Set:PrimitiveFlag",
		"PrimitiveEnum": "Enum:PrimitiveEnum",
		"PrimitiveTagEnum": "TagEnum:PrimitiveTagEnum",
		"PrimitiveField": "Struct:PrimitiveField",
		"GenericMap": "Map:GenericMap",
		"GenericMerge": "Struct:GenericMerge",
		"MergeStruct": "Struct:MergeStruct",
		"MapStruct": "Struct:MapStruct",
		"ExampleType": "Primitive:ExampleType",
		"Foo": "Enum:Foo",
		"Map": "Map:Map",
		"Enum": "TagEnum:Enum",
		"Struct": "Struct:Struct"
	}
}
